// !$*UTF8*$!
{
	archiveVersion = 1;
	classes = {
	};
	objectVersion = 56;
	objects = {

/* Begin PBXBuildFile section */
		3A20780A2D19E3D000DE6658 /* AttributedString+Color.swift in Sources */ = {isa = PBXBuildFile; fileRef = 3A2078092D19E3D000DE6658 /* AttributedString+Color.swift */; };
		3A2450AC2D0DB6350057664C /* AppDelegate.swift in Sources */ = {isa = PBXBuildFile; fileRef = 3A2450AB2D0DB6350057664C /* AppDelegate.swift */; };
		3A2450AE2D0DB6350057664C /* SceneDelegate.swift in Sources */ = {isa = PBXBuildFile; fileRef = 3A2450AD2D0DB6350057664C /* SceneDelegate.swift */; };
		3A2450B52D0DB6360057664C /* Assets.xcassets in Resources */ = {isa = PBXBuildFile; fileRef = 3A2450B42D0DB6360057664C /* Assets.xcassets */; };
		3A2450B82D0DB6360057664C /* LaunchScreen.storyboard in Resources */ = {isa = PBXBuildFile; fileRef = 3A2450B62D0DB6360057664C /* LaunchScreen.storyboard */; };
		3A2450C02D0DB8270057664C /* AttributedText.swift in Sources */ = {isa = PBXBuildFile; fileRef = 3A2450BF2D0DB8270057664C /* AttributedText.swift */; };
		3A2450C42D0DD54B0057664C /* ButtonContentView.swift in Sources */ = {isa = PBXBuildFile; fileRef = 3A2450C32D0DD54B0057664C /* ButtonContentView.swift */; };
		3A2450C62D0DE73C0057664C /* Attribute.swift in Sources */ = {isa = PBXBuildFile; fileRef = 3A2450C52D0DE73C0057664C /* Attribute.swift */; };
		3A2450C82D0DEBCE0057664C /* ASCollectionViewController.swift in Sources */ = {isa = PBXBuildFile; fileRef = 3A2450C72D0DEBCE0057664C /* ASCollectionViewController.swift */; };
		3A2450CC2D0F7E9E0057664C /* AttributedStringLabel.swift in Sources */ = {isa = PBXBuildFile; fileRef = 3A2450CB2D0F7E9E0057664C /* AttributedStringLabel.swift */; };
		3A2450CE2D10A6CB0057664C /* ReusableTextView.swift in Sources */ = {isa = PBXBuildFile; fileRef = 3A2450CD2D10A6CB0057664C /* ReusableTextView.swift */; };
/* End PBXBuildFile section */

/* Begin PBXFileReference section */
		3A2078092D19E3D000DE6658 /* AttributedString+Color.swift */ = {isa = PBXFileReference; lastKnownFileType = sourcecode.swift; path = "AttributedString+Color.swift"; sourceTree = "<group>"; };
		3A2450A82D0DB6350057664C /* AttributedStringTest.app */ = {isa = PBXFileReference; explicitFileType = wrapper.application; includeInIndex = 0; path = AttributedStringTest.app; sourceTree = BUILT_PRODUCTS_DIR; };
		3A2450AB2D0DB6350057664C /* AppDelegate.swift */ = {isa = PBXFileReference; lastKnownFileType = sourcecode.swift; path = AppDelegate.swift; sourceTree = "<group>"; };
		3A2450AD2D0DB6350057664C /* SceneDelegate.swift */ = {isa = PBXFileReference; lastKnownFileType = sourcecode.swift; path = SceneDelegate.swift; sourceTree = "<group>"; };
		3A2450B42D0DB6360057664C /* Assets.xcassets */ = {isa = PBXFileReference; lastKnownFileType = folder.assetcatalog; path = Assets.xcassets; sourceTree = "<group>"; };
		3A2450B72D0DB6360057664C /* Base */ = {isa = PBXFileReference; lastKnownFileType = file.storyboard; name = Base; path = Base.lproj/LaunchScreen.storyboard; sourceTree = "<group>"; };
		3A2450B92D0DB6360057664C /* Info.plist */ = {isa = PBXFileReference; lastKnownFileType = text.plist.xml; path = Info.plist; sourceTree = "<group>"; };
		3A2450BF2D0DB8270057664C /* AttributedText.swift */ = {isa = PBXFileReference; lastKnownFileType = sourcecode.swift; path = AttributedText.swift; sourceTree = "<group>"; };
		3A2450C32D0DD54B0057664C /* ButtonContentView.swift */ = {isa = PBXFileReference; lastKnownFileType = sourcecode.swift; path = ButtonContentView.swift; sourceTree = "<group>"; };
		3A2450C52D0DE73C0057664C /* Attribute.swift */ = {isa = PBXFileReference; lastKnownFileType = sourcecode.swift; path = Attribute.swift; sourceTree = "<group>"; };
		3A2450C72D0DEBCE0057664C /* ASCollectionViewController.swift */ = {isa = PBXFileReference; lastKnownFileType = sourcecode.swift; path = ASCollectionViewController.swift; sourceTree = "<group>"; };
		3A2450CB2D0F7E9E0057664C /* AttributedStringLabel.swift */ = {isa = PBXFileReference; lastKnownFileType = sourcecode.swift; path = AttributedStringLabel.swift; sourceTree = "<group>"; };
		3A2450CD2D10A6CB0057664C /* ReusableTextView.swift */ = {isa = PBXFileReference; lastKnownFileType = sourcecode.swift; path = ReusableTextView.swift; sourceTree = "<group>"; };
/* End PBXFileReference section */

/* Begin PBXFrameworksBuildPhase section */
		3A2450A52D0DB6350057664C /* Frameworks */ = {
			isa = PBXFrameworksBuildPhase;
			buildActionMask = 2147483647;
			files = (
			);
			runOnlyForDeploymentPostprocessing = 0;
		};
/* End PBXFrameworksBuildPhase section */

/* Begin PBXGroup section */
		3A24509F2D0DB6350057664C = {
			isa = PBXGroup;
			children = (
				3A2450AA2D0DB6350057664C /* AttributedStringTest */,
				3A2450A92D0DB6350057664C /* Products */,
			);
			sourceTree = "<group>";
		};
		3A2450A92D0DB6350057664C /* Products */ = {
			isa = PBXGroup;
			children = (
				3A2450A82D0DB6350057664C /* AttributedStringTest.app */,
			);
			name = Products;
			sourceTree = "<group>";
		};
		3A2450AA2D0DB6350057664C /* AttributedStringTest */ = {
			isa = PBXGroup;
			children = (
				3A2450CB2D0F7E9E0057664C /* AttributedStringLabel.swift */,
				3A2450AB2D0DB6350057664C /* AppDelegate.swift */,
				3A2450AD2D0DB6350057664C /* SceneDelegate.swift */,
				3A2450CF2D19D5F60057664C /* Models */,
				3A2450D02D19D6250057664C /* Views */,
				3A2450C72D0DEBCE0057664C /* ASCollectionViewController.swift */,
				3A2450B42D0DB6360057664C /* Assets.xcassets */,
				3A2450B62D0DB6360057664C /* LaunchScreen.storyboard */,
				3A2450B92D0DB6360057664C /* Info.plist */,
				3A2078092D19E3D000DE6658 /* AttributedString+Color.swift */,
			);
			path = AttributedStringTest;
			sourceTree = "<group>";
		};
		3A2450CF2D19D5F60057664C /* Models */ = {
			isa = PBXGroup;
			children = (
				3A2450C52D0DE73C0057664C /* Attribute.swift */,
				3A2450BF2D0DB8270057664C /* AttributedText.swift */,
			);
			path = Models;
			sourceTree = "<group>";
		};
		3A2450D02D19D6250057664C /* Views */ = {
			isa = PBXGroup;
			children = (
				3A2450CD2D10A6CB0057664C /* ReusableTextView.swift */,
				3A2450C32D0DD54B0057664C /* ButtonContentView.swift */,
			);
			path = Views;
			sourceTree = "<group>";
		};
/* End PBXGroup section */

/* Begin PBXNativeTarget section */
		3A2450A72D0DB6350057664C /* AttributedStringTest */ = {
			isa = PBXNativeTarget;
			buildConfigurationList = 3A2450BC2D0DB6360057664C /* Build configuration list for PBXNativeTarget "AttributedStringTest" */;
			buildPhases = (
				3A2450A42D0DB6350057664C /* Sources */,
				3A2450A52D0DB6350057664C /* Frameworks */,
				3A2450A62D0DB6350057664C /* Resources */,
			);
			buildRules = (
			);
			dependencies = (
			);
			name = AttributedStringTest;
			productName = AttributedStringTest;
			productReference = 3A2450A82D0DB6350057664C /* AttributedStringTest.app */;
			productType = "com.apple.product-type.application";
		};
/* End PBXNativeTarget section */

/* Begin PBXProject section */
		3A2450A02D0DB6350057664C /* Project object */ = {
			isa = PBXProject;
			attributes = {
				BuildIndependentTargetsInParallel = 1;
				LastSwiftUpdateCheck = 1420;
				LastUpgradeCheck = 1420;
				TargetAttributes = {
					3A2450A72D0DB6350057664C = {
						CreatedOnToolsVersion = 14.2;
					};
				};
			};
			buildConfigurationList = 3A2450A32D0DB6350057664C /* Build configuration list for PBXProject "AttributedStringTest" */;
			compatibilityVersion = "Xcode 14.0";
			developmentRegion = en;
			hasScannedForEncodings = 0;
			knownRegions = (
				en,
				Base,
			);
			mainGroup = 3A24509F2D0DB6350057664C;
			productRefGroup = 3A2450A92D0DB6350057664C /* Products */;
			projectDirPath = "";
			projectRoot = "";
			targets = (
				3A2450A72D0DB6350057664C /* AttributedStringTest */,
			);
		};
/* End PBXProject section */

/* Begin PBXResourcesBuildPhase section */
		3A2450A62D0DB6350057664C /* Resources */ = {
			isa = PBXResourcesBuildPhase;
			buildActionMask = 2147483647;
			files = (
				3A2450B82D0DB6360057664C /* LaunchScreen.storyboard in Resources */,
				3A2450B52D0DB6360057664C /* Assets.xcassets in Resources */,
			);
			runOnlyForDeploymentPostprocessing = 0;
		};
/* End PBXResourcesBuildPhase section */

/* Begin PBXSourcesBuildPhase section */
		3A2450A42D0DB6350057664C /* Sources */ = {
			isa = PBXSourcesBuildPhase;
			buildActionMask = 2147483647;
			files = (
				3A2450CE2D10A6CB0057664C /* ReusableTextView.swift in Sources */,
				3A2450C62D0DE73C0057664C /* Attribute.swift in Sources */,
				3A20780A2D19E3D000DE6658 /* AttributedString+Color.swift in Sources */,
				3A2450C82D0DEBCE0057664C /* ASCollectionViewController.swift in Sources */,
				3A2450C02D0DB8270057664C /* AttributedText.swift in Sources */,
				3A2450CC2D0F7E9E0057664C /* AttributedStringLabel.swift in Sources */,
				3A2450C42D0DD54B0057664C /* ButtonContentView.swift in Sources */,
				3A2450AC2D0DB6350057664C /* AppDelegate.swift in Sources */,
				3A2450AE2D0DB6350057664C /* SceneDelegate.swift in Sources */,
			);
			runOnlyForDeploymentPostprocessing = 0;
		};
/* End PBXSourcesBuildPhase section */

/* Begin PBXVariantGroup section */
		3A2450B62D0DB6360057664C /* LaunchScreen.storyboard */ = {
			isa = PBXVariantGroup;
			children = (
				3A2450B72D0DB6360057664C /* Base */,
			);
			name = LaunchScreen.storyboard;
			sourceTree = "<group>";
		};
/* End PBXVariantGroup section */

/* Begin XCBuildConfiguration section */
		3A2450BA2D0DB6360057664C /* Debug */ = {
			isa = XCBuildConfiguration;
			buildSettings = {
				ALWAYS_SEARCH_USER_PATHS = NO;
				CLANG_ANALYZER_NONNULL = YES;
				CLANG_ANALYZER_NUMBER_OBJECT_CONVERSION = YES_AGGRESSIVE;
				CLANG_CXX_LANGUAGE_STANDARD = "gnu++20";
				CLANG_ENABLE_MODULES = YES;
				CLANG_ENABLE_OBJC_ARC = YES;
				CLANG_ENABLE_OBJC_WEAK = YES;
				CLANG_WARN_BLOCK_CAPTURE_AUTORELEASING = YES;
				CLANG_WARN_BOOL_CONVERSION = YES;
				CLANG_WARN_COMMA = YES;
				CLANG_WARN_CONSTANT_CONVERSION = YES;
				CLANG_WARN_DEPRECATED_OBJC_IMPLEMENTATIONS = YES;
				CLANG_WARN_DIRECT_OBJC_ISA_USAGE = YES_ERROR;
				CLANG_WARN_DOCUMENTATION_COMMENTS = YES;
				CLANG_WARN_EMPTY_BODY = YES;
				CLANG_WARN_ENUM_CONVERSION = YES;
				CLANG_WARN_INFINITE_RECURSION = YES;
				CLANG_WARN_INT_CONVERSION = YES;
				CLANG_WARN_NON_LITERAL_NULL_CONVERSION = YES;
				CLANG_WARN_OBJC_IMPLICIT_RETAIN_SELF = YES;
				CLANG_WARN_OBJC_LITERAL_CONVERSION = YES;
				CLANG_WARN_OBJC_ROOT_CLASS = YES_ERROR;
				CLANG_WARN_QUOTED_INCLUDE_IN_FRAMEWORK_HEADER = YES;
				CLANG_WARN_RANGE_LOOP_ANALYSIS = YES;
				CLANG_WARN_STRICT_PROTOTYPES = YES;
				CLANG_WARN_SUSPICIOUS_MOVE = YES;
				CLANG_WARN_UNGUARDED_AVAILABILITY = YES_AGGRESSIVE;
				CLANG_WARN_UNREACHABLE_CODE = YES;
				CLANG_WARN__DUPLICATE_METHOD_MATCH = YES;
				COPY_PHASE_STRIP = NO;
				DEBUG_INFORMATION_FORMAT = dwarf;
				ENABLE_STRICT_OBJC_MSGSEND = YES;
				ENABLE_TESTABILITY = YES;
				GCC_C_LANGUAGE_STANDARD = gnu11;
				GCC_DYNAMIC_NO_PIC = NO;
				GCC_NO_COMMON_BLOCKS = YES;
				GCC_OPTIMIZATION_LEVEL = 0;
				GCC_PREPROCESSOR_DEFINITIONS = (
					"DEBUG=1",
					"$(inherited)",
				);
				GCC_WARN_64_TO_32_BIT_CONVERSION = YES;
				GCC_WARN_ABOUT_RETURN_TYPE = YES_ERROR;
				GCC_WARN_UNDECLARED_SELECTOR = YES;
				GCC_WARN_UNINITIALIZED_AUTOS = YES_AGGRESSIVE;
				GCC_WARN_UNUSED_FUNCTION = YES;
				GCC_WARN_UNUSED_VARIABLE = YES;
				IPHONEOS_DEPLOYMENT_TARGET = 16.2;
				MTL_ENABLE_DEBUG_INFO = INCLUDE_SOURCE;
				MTL_FAST_MATH = YES;
				ONLY_ACTIVE_ARCH = YES;
				SDKROOT = iphoneos;
				SWIFT_ACTIVE_COMPILATION_CONDITIONS = DEBUG;
				SWIFT_OPTIMIZATION_LEVEL = "-Onone";
			};
			name = Debug;
		};
		3A2450BB2D0DB6360057664C /* Release */ = {
			isa = XCBuildConfiguration;
			buildSettings = {
				ALWAYS_SEARCH_USER_PATHS = NO;
				CLANG_ANALYZER_NONNULL = YES;
				CLANG_ANALYZER_NUMBER_OBJECT_CONVERSION = YES_AGGRESSIVE;
				CLANG_CXX_LANGUAGE_STANDARD = "gnu++20";
				CLANG_ENABLE_MODULES = YES;
				CLANG_ENABLE_OBJC_ARC = YES;
				CLANG_ENABLE_OBJC_WEAK = YES;
				CLANG_WARN_BLOCK_CAPTURE_AUTORELEASING = YES;
				CLANG_WARN_BOOL_CONVERSION = YES;
				CLANG_WARN_COMMA = YES;
				CLANG_WARN_CONSTANT_CONVERSION = YES;
				CLANG_WARN_DEPRECATED_OBJC_IMPLEMENTATIONS = YES;
				CLANG_WARN_DIRECT_OBJC_ISA_USAGE = YES_ERROR;
				CLANG_WARN_DOCUMENTATION_COMMENTS = YES;
				CLANG_WARN_EMPTY_BODY = YES;
				CLANG_WARN_ENUM_CONVERSION = YES;
				CLANG_WARN_INFINITE_RECURSION = YES;
				CLANG_WARN_INT_CONVERSION = YES;
				CLANG_WARN_NON_LITERAL_NULL_CONVERSION = YES;
				CLANG_WARN_OBJC_IMPLICIT_RETAIN_SELF = YES;
				CLANG_WARN_OBJC_LITERAL_CONVERSION = YES;
				CLANG_WARN_OBJC_ROOT_CLASS = YES_ERROR;
				CLANG_WARN_QUOTED_INCLUDE_IN_FRAMEWORK_HEADER = YES;
				CLANG_WARN_RANGE_LOOP_ANALYSIS = YES;
				CLANG_WARN_STRICT_PROTOTYPES = YES;
				CLANG_WARN_SUSPICIOUS_MOVE = YES;
				CLANG_WARN_UNGUARDED_AVAILABILITY = YES_AGGRESSIVE;
				CLANG_WARN_UNREACHABLE_CODE = YES;
				CLANG_WARN__DUPLICATE_METHOD_MATCH = YES;
				COPY_PHASE_STRIP = NO;
				DEBUG_INFORMATION_FORMAT = "dwarf-with-dsym";
				ENABLE_NS_ASSERTIONS = NO;
				ENABLE_STRICT_OBJC_MSGSEND = YES;
				GCC_C_LANGUAGE_STANDARD = gnu11;
				GCC_NO_COMMON_BLOCKS = YES;
				GCC_WARN_64_TO_32_BIT_CONVERSION = YES;
				GCC_WARN_ABOUT_RETURN_TYPE = YES_ERROR;
				GCC_WARN_UNDECLARED_SELECTOR = YES;
				GCC_WARN_UNINITIALIZED_AUTOS = YES_AGGRESSIVE;
				GCC_WARN_UNUSED_FUNCTION = YES;
				GCC_WARN_UNUSED_VARIABLE = YES;
				IPHONEOS_DEPLOYMENT_TARGET = 16.2;
				MTL_ENABLE_DEBUG_INFO = NO;
				MTL_FAST_MATH = YES;
				SDKROOT = iphoneos;
				SWIFT_COMPILATION_MODE = wholemodule;
				SWIFT_OPTIMIZATION_LEVEL = "-O";
				VALIDATE_PRODUCT = YES;
			};
			name = Release;
		};
		3A2450BD2D0DB6360057664C /* Debug */ = {
			isa = XCBuildConfiguration;
			buildSettings = {
				ASSETCATALOG_COMPILER_APPICON_NAME = AppIcon;
				ASSETCATALOG_COMPILER_GLOBAL_ACCENT_COLOR_NAME = AccentColor;
				CODE_SIGN_STYLE = Automatic;
				CURRENT_PROJECT_VERSION = 1;
				DEVELOPMENT_TEAM = 5N5KPXPVSN;
				GENERATE_INFOPLIST_FILE = YES;
				INFOPLIST_FILE = AttributedStringTest/Info.plist;
				INFOPLIST_KEY_UIApplicationSupportsIndirectInputEvents = YES;
				INFOPLIST_KEY_UILaunchStoryboardName = "";
				INFOPLIST_KEY_UIMainStoryboardFile = "";
				INFOPLIST_KEY_UISupportedInterfaceOrientations_iPad = "UIInterfaceOrientationPortrait UIInterfaceOrientationPortraitUpsideDown UIInterfaceOrientationLandscapeLeft UIInterfaceOrientationLandscapeRight";
				INFOPLIST_KEY_UISupportedInterfaceOrientations_iPhone = "UIInterfaceOrientationPortrait UIInterfaceOrientationLandscapeLeft UIInterfaceOrientationLandscapeRight";
				IPHONEOS_DEPLOYMENT_TARGET = 16.2;
				LD_RUNPATH_SEARCH_PATHS = (
					"$(inherited)",
					"@executable_path/Frameworks",
				);
				MARKETING_VERSION = 1.0;
				PRODUCT_BUNDLE_IDENTIFIER = com.shilan.AttributedStringTest;
				PRODUCT_NAME = "$(TARGET_NAME)";
				SWIFT_EMIT_LOC_STRINGS = YES;
				SWIFT_VERSION = 5.0;
				TARGETED_DEVICE_FAMILY = "1,2";
			};
			name = Debug;
		};
		3A2450BE2D0DB6360057664C /* Release */ = {
			isa = XCBuildConfiguration;
			buildSettings = {
				ASSETCATALOG_COMPILER_APPICON_NAME = AppIcon;
				ASSETCATALOG_COMPILER_GLOBAL_ACCENT_COLOR_NAME = AccentColor;
				CODE_SIGN_STYLE = Automatic;
				CURRENT_PROJECT_VERSION = 1;
				DEVELOPMENT_TEAM = 5N5KPXPVSN;
				GENERATE_INFOPLIST_FILE = YES;
				INFOPLIST_FILE = AttributedStringTest/Info.plist;
				INFOPLIST_KEY_UIApplicationSupportsIndirectInputEvents = YES;
				INFOPLIST_KEY_UILaunchStoryboardName = "";
				INFOPLIST_KEY_UIMainStoryboardFile = "";
				INFOPLIST_KEY_UISupportedInterfaceOrientations_iPad = "UIInterfaceOrientationPortrait UIInterfaceOrientationPortraitUpsideDown UIInterfaceOrientationLandscapeLeft UIInterfaceOrientationLandscapeRight";
				INFOPLIST_KEY_UISupportedInterfaceOrientations_iPhone = "UIInterfaceOrientationPortrait UIInterfaceOrientationLandscapeLeft UIInterfaceOrientationLandscapeRight";
				IPHONEOS_DEPLOYMENT_TARGET = 16.2;
				LD_RUNPATH_SEARCH_PATHS = (
					"$(inherited)",
					"@executable_path/Frameworks",
				);
				MARKETING_VERSION = 1.0;
				PRODUCT_BUNDLE_IDENTIFIER = com.shilan.AttributedStringTest;
				PRODUCT_NAME = "$(TARGET_NAME)";
				SWIFT_EMIT_LOC_STRINGS = YES;
				SWIFT_VERSION = 5.0;
				TARGETED_DEVICE_FAMILY = "1,2";
			};
			name = Release;
		};
/* End XCBuildConfiguration section */

/* Begin XCConfigurationList section */
		3A2450A32D0DB6350057664C /* Build configuration list for PBXProject "AttributedStringTest" */ = {
			isa = XCConfigurationList;
			buildConfigurations = (
				3A2450BA2D0DB6360057664C /* Debug */,
				3A2450BB2D0DB6360057664C /* Release */,
			);
			defaultConfigurationIsVisible = 0;
			defaultConfigurationName = Release;
		};
		3A2450BC2D0DB6360057664C /* Build configuration list for PBXNativeTarget "AttributedStringTest" */ = {
			isa = XCConfigurationList;
			buildConfigurations = (
				3A2450BD2D0DB6360057664C /* Debug */,
				3A2450BE2D0DB6360057664C /* Release */,
			);
			defaultConfigurationIsVisible = 0;
			defaultConfigurationName = Release;
		};
/* End XCConfigurationList section */
	};
	rootObject = 3A2450A02D0DB6350057664C /* Project object */;
}
